{
  "name": "carewrite",
  "requires": true,
  "lockfileVersion": 1,
  "dependencies": {
    "wareki": {
      "version": "1.0.0",
      "resolved": "https://registry.npmjs.org/wareki/-/wareki-1.0.0.tgz",
      "integrity": "sha512-6x0Lolgow7cliqjwMWFpWD6hfnmiLyASUWp3TsoJ+hs4DLOZ4ddOJ4MC65L1qXiGYBgSH+71H7j/rtI2fHm1zg=="
    }
  }
}
